
Microsoft Visual Studio Solution File, Format Version 12.00
# Visual Studio Version 16
VisualStudioVersion = 16.0.34301.259
MinimumVisualStudioVersion = 10.0.40219.1
Project("{FAE04EC0-301F-11D3-BF4B-00C04F79EFBC}") = "VSPipelineToGitHubProj", "VSPipelineToGitHubProj\VSPipelineToGitHubProj.csproj", "{1E706B6A-F375-47D9-8566-C76EA1E5E170}"
EndProject
Global
	GlobalSection(SolutionConfigurationPlatforms) = preSolution
		Debug|Any CPU = Debug|Any CPU
		Release|Any CPU = Release|Any CPU
	EndGlobalSection
	GlobalSection(ProjectConfigurationPlatforms) = postSolution
		{1E706B6A-F375-47D9-8566-C76EA1E5E170}.Debug|Any CPU.ActiveCfg = Debug|Any CPU
		{1E706B6A-F375-47D9-8566-C76EA1E5E170}.Debug|Any CPU.Build.0 = Debug|Any CPU
		{1E706B6A-F375-47D9-8566-C76EA1E5E170}.Release|Any CPU.ActiveCfg = Release|Any CPU
		{1E706B6A-F375-47D9-8566-C76EA1E5E170}.Release|Any CPU.Build.0 = Release|Any CPU
	EndGlobalSection
	GlobalSection(SolutionProperties) = preSolution
		HideSolutionNode = FALSE
	EndGlobalSection
	GlobalSection(ExtensibilityGlobals) = postSolution
		SolutionGuid = {B52872EE-8B24-4F70-B018-46B797840788}
	EndGlobalSection
EndGlobal
